# THIS IS AN AUTOGENERATED FILE. DO NOT EDIT THIS FILE DIRECTLY.
assets/FontAwesome.otf:
  development: 2017-12-09T23:05:01+09:00   668743fe7258676f8ef8f9b47d2a623e
assets/Segment7Standard.otf:
  development: 2017-12-09T23:05:01+09:00   e5ff00da0a1f8a2cfd6fab51a4b89c16
assets/ajax-cart.js.liquid:
  development: 2017-12-09T23:05:01+09:00   c7824bb6cc5215c3179d98220c8a3840
assets/bootstrap.min.css:
  development: 2017-12-09T23:05:01+09:00   9750aa8d92444a5367930a3349e85a97
assets/bootstrap.min.js:
  development: 2017-12-09T23:05:01+09:00   046ba2b5f4cff7d2eaaa1af55caa9fd8
assets/bootstrap_slider.min.css:
  development: 2017-12-09T23:05:02+09:00   89e278edc83987ef87149ed679f582db
assets/buttom_popup.scss.liquid:
  development: 2017-12-09T23:05:02+09:00   679d84f942e079b6548ebb296908135f
assets/cart-icn.jpg:
  development: 2017-12-09T23:05:02+09:00   85c8ccfe360f4caff934c66580e4bc7a
assets/cart_left_image.png:
  development: 2017-12-09T23:05:02+09:00   6dc27fde678b5436ee6036295f019a9e
assets/cart_right_image.png:
  development: 2017-12-09T23:05:02+09:00   0e6f82ceb97a206d4b53e58507e85eef
assets/checkout_logo.png:
  development: 2017-12-09T23:05:02+09:00   24cd147711531f97395b53c503c8455d
assets/checkout_mobile.png:
  development: 2017-12-09T23:05:03+09:00   9bdad901c9ef06e0b74682c6f1d86db8
assets/christmas_sale.png:
  development: 2017-12-09T23:05:03+09:00   b764d56df35aaacf39982c7d18bf8a02
assets/common_style.scss.liquid:
  development: 2017-12-09T23:05:03+09:00   1788da28c84b0199bf962bb54182ff8e
assets/demo.css:
  development: 2017-12-09T23:05:03+09:00   e13228fa083519c55952674c97c81059
assets/digital-7.ttf:
  development: 2017-12-09T23:05:03+09:00   1e670d88b23c7ab956f1829e3828a210
assets/discount_icon.png:
  development: 2017-12-09T23:05:04+09:00   1e94403efba4289c7f6fd86fbd00bce9
assets/f-logo.png:
  development: 2017-12-09T23:05:04+09:00   6b2c3c530a6465b7a5b116cf7386c340
assets/fastclick.min.js:
  development: 2017-12-09T23:05:04+09:00   4c68290ccc4d503561895dff0821621f
assets/favicon.png:
  development: 2017-12-10T10:28:43+09:00   0436ca61acc9358757023c146e8952ee
assets/flexslider.css:
  development: 2017-12-09T23:05:04+09:00   e7ba3d238ddf6693344ef45c902f947d
assets/flipclock.css:
  development: 2017-12-09T23:05:04+09:00   3c372a5510a46ebd67848fcc9fd27d00
assets/flipclock.js:
  development: 2017-12-09T23:05:05+09:00   6db26dcaa05b3d4669b3098d0a665829
assets/font-awesome.css:
  development: 2017-12-09T23:05:05+09:00   ca560ece595437493c397742f0a8a6a6
assets/font-awesome.min.css:
  development: 2017-12-09T23:05:05+09:00   bf4b58c946c9234e4a6b9f7a70d38006
assets/fontawesome-webfont.eot:
  development: 2017-12-09T23:05:05+09:00   45c73723862c6fc5eb3d6961db2d71fb
assets/fontawesome-webfont.svg:
  development: 2017-12-09T23:05:05+09:00   76a4f23c6be74fd309e0d0fd2c27a5de
assets/fontawesome-webfont.ttf:
  development: 2017-12-09T23:05:06+09:00   7c87870ab40d63cfb8870c1f183f9939
assets/fontawesome-webfont.woff:
  development: 2017-12-09T23:05:06+09:00   dfb02f8f6d0cedc009ee5887cc68f1f3
assets/fontawesome-webfont.woff2:
  development: 2017-12-09T23:05:06+09:00   4b5a84aaf1c9485e060c503a0ff8cadb
assets/footer_above_logo1.png:
  development: 2017-12-09T23:05:07+09:00   dfbd50c0ad7d158902934df3f625433e
assets/footer_above_logo2.png:
  development: 2017-12-09T23:05:07+09:00   1a505a548b8681a0b5da24a19739cb28
assets/footer_above_logo3.png:
  development: 2017-12-09T23:05:07+09:00   a35135807f82e20f905a4ec619e499c5
assets/footer_logo.png:
  development: 2017-12-09T23:05:07+09:00   8d2f43d21c147a69fa4a4db8a40192af
assets/gift-card.scss.liquid:
  development: 2017-12-09T23:05:07+09:00   c4d99d6414af35760c5112b609962e87
assets/handlebars.min.js:
  development: 2017-12-09T23:05:08+09:00   b3c11508a224ee83f86e2fc6491e9751
assets/hero_slide_1.jpg:
  development: 2017-12-09T23:05:08+09:00   0fef6e669b97e75b437c528a25f9086e
assets/hero_slide_1.png:
  development: 2017-12-09T23:05:08+09:00   5ea90b67b117dc5685c42592a85c7811
assets/hero_slide_2.jpg:
  development: 2017-12-09T23:05:08+09:00   fd889c2fe6a89f7b03d154564de12461
assets/hero_slide_2.png:
  development: 2017-12-10T10:28:44+09:00   0e3f414db40048e4c4f63cabfb5809cf
assets/hero_slide_3.png:
  development: 2017-12-10T10:28:45+09:00   52b1e82a05bb4d74c7bf645ed26fbbd0
assets/hero_slide_4.png:
  development: 2017-12-09T23:05:10+09:00   899fa6a0ddd37ac325929e440de8b30f
assets/ico-select.svg.liquid:
  development: 2017-12-09T23:05:10+09:00   9c9cc5a57cc74a0a64c2f62b1370a920
assets/ico-sprite-small.png:
  development: 2017-12-09T23:05:10+09:00   7e6c3e33e399624ae8d466735becf6f5
assets/icons.eot:
  development: 2017-12-09T23:05:10+09:00   4ab85219b8393861a53c5f2f72fcec06
assets/icons.json:
  development: 2017-12-09T23:05:10+09:00   be1bbac27ddeecc3152baceb6c705461
assets/icons.svg:
  development: 2017-12-09T23:05:11+09:00   00a16825731bd5bd16498befdddcac4c
assets/icons.ttf:
  development: 2017-12-09T23:05:11+09:00   9fc5073cc74d48d2d6f51483a26d9cba
assets/icons.woff:
  development: 2017-12-09T23:05:11+09:00   58ac879bd5a04ecc22ae891c0e88bead
assets/jquery-1.8.3.min.js:
  development: 2017-12-09T23:05:11+09:00   e1288116312e4728f98923c79b034b67
assets/jquery-2.0.3.js:
  development: 2017-12-09T23:05:12+09:00   b29c22eae459aa715cdd8fa340bb6e29
assets/jquery.countdown.js:
  development: 2017-12-09T23:05:12+09:00   6a3b8d85908634c8e2bfa4d55825adb9
assets/jquery.countdownTimer.js:
  development: 2017-12-09T23:05:12+09:00   434457d3d690cd9ae66341ab4c8e37b8
assets/jquery.countdownTimer_2hmodel5.js:
  development: 2017-12-09T23:05:12+09:00   c8dab0474f8c7418441f607fef4d68e2
assets/jquery.countdownTimer_2hmodel6.js:
  development: 2017-12-09T23:05:12+09:00   1473ca49ce63d355e779fd06fa60bef9
assets/jquery.countdownTimer_2hours.js:
  development: 2017-12-09T23:05:13+09:00   835245e00a08f9b1c20cd0854b5fb70d
assets/jquery.currencies.js:
  development: 2017-12-09T23:05:13+09:00   8f40bc19d59b4ba345f01861b47fb13d
assets/jquery.currencies.min.js:
  development: 2017-12-09T23:05:13+09:00   fbda3f892f5bfe99013e90c545ecef31
assets/jquery.downCount.js:
  development: 2017-12-09T23:05:13+09:00   9142a91f3e408e3d654373b2f75499fa
assets/jquery.elevatezoom.js:
  development: 2017-12-09T23:05:13+09:00   47aa9e48a30568a9f6b5765c7b633d5c
assets/jquery.final-countdown.js:
  development: 2017-12-09T23:05:13+09:00   558f590c4e98845138d2da4f970fb029
assets/jquery.flexslider.js:
  development: 2017-12-09T23:05:14+09:00   847f7c8f28a359a62c20de78db609af4
assets/jquery.flexslider_old.js:
  development: 2017-12-09T23:05:14+09:00   4d27ca225d2b2aaa3f8b03b2b8e1fc9e
assets/jquery.min.js:
  development: 2017-12-09T23:05:14+09:00   cbb11b58473b2d672f4ed53abbb67336
assets/jquery.mobile-1.4.0.min.js:
  development: 2017-12-09T23:05:14+09:00   7f94ce6280638f57ec15b7eb634e84ec
assets/jquery.nicescroll.js:
  development: 2017-12-09T23:05:14+09:00   bb2fe4ef8a3662cb9c9d320e8164c84a
assets/jquery.nicescroll.min.js:
  development: 2017-12-09T23:05:15+09:00   b150788d97571d84afb36a008df9b317
assets/jquery.panzoom.js:
  development: 2017-12-09T23:05:15+09:00   3fc314aa060ba8faa56b15a7b630b9fd
assets/jquery.plugin.js:
  development: 2017-12-09T23:05:15+09:00   afaf375132e879e7eb3c8f066c449cb5
assets/jquery.zoom.js:
  development: 2017-12-09T23:05:15+09:00   4af8a135b45a38ec11c21117d6286eaf
assets/jquery.zoom.min.js:
  development: 2017-12-09T23:05:15+09:00   b1149609293076641d6d094407d224a9
assets/kinetic.js:
  development: 2017-12-09T23:05:15+09:00   9c6a3ddceea25c635b271d1737b1ea8d
assets/logo.png:
  development: 2017-12-09T23:05:16+09:00   e2c927d4977a01ab2c70abd95639bc6d
assets/logo_mobile.png:
  development: 2017-12-09T23:05:16+09:00   4728342940c942547858cdb2aa106e85
assets/logofinal.svg:
  development: 2017-12-09T23:30:24+09:00   5a9ca064bac424473a75477e769558d1
assets/m_hero_slide_1.png:
  development: 2017-12-09T23:05:16+09:00   cae668643eb11992c62646e4bf7ecc6d
assets/m_hero_slide_2.png:
  development: 2017-12-10T10:28:44+09:00   0e3f414db40048e4c4f63cabfb5809cf
assets/m_hero_slide_3.png:
  development: 2017-12-10T10:28:45+09:00   52b1e82a05bb4d74c7bf645ed26fbbd0
assets/main.css:
  development: 2017-12-09T23:05:17+09:00   3edfbe7bd2f63cdce6a3f0898a11f446
assets/main.js:
  development: 2017-12-09T23:05:17+09:00   9a0ddc54e63e34a02883efa85f41163d
assets/masonry.js:
  development: 2017-12-09T23:05:17+09:00   eee7eecd5ca76140c281fb30f9b391f6
assets/mega_menu.scss.liquid:
  development: 2017-12-09T23:05:17+09:00   9d43a951c4ac700f0128790f45199441
assets/megamenu_1_image_1.jpg:
  development: 2017-12-09T23:05:17+09:00   18ca7c48745a1b37d11e2b00a0ab5d28
assets/megamenu_1_image_2.jpg:
  development: 2017-12-09T23:05:18+09:00   a535e5d056f406fd32ebd757b2bf7901
assets/minus-icn.png:
  development: 2017-12-09T23:05:18+09:00   94c6a79650c9d8403c3dee72309be8da
assets/mm-init.js:
  development: 2017-12-09T23:05:18+09:00   489c00e1c529a36360a509a3a30c4f14
assets/modernizr.min.js:
  development: 2017-12-09T23:05:18+09:00   dc21cffad945a84cbbe770d52b1a0ded
assets/money-back.svg:
  development: 2017-12-13T23:28:38+09:00   a075f1cbc08a4f2103dfc96f469f23e6
assets/normalize.css:
  development: 2017-12-09T23:05:18+09:00   7532bccdaf9eec79237cdb6c5f90cf18
assets/plus-icn.png:
  development: 2017-12-09T23:05:18+09:00   4a59da692ca876e2f9cfe01120f0c114
assets/previous-128.png:
  development: 2017-12-09T23:05:18+09:00   ead3a88e3e34cdaa91b33c94d712780a
assets/product_desc_below.png:
  development: 2017-12-09T23:05:19+09:00   87219c3d0855070ed295a5327eb7095e
assets/productPage.js.liquid:
  development: 2017-12-09T23:05:19+09:00   82964dd83710b5071324945c2cdb5fb3
assets/progress.js.liquid:
  development: 2017-12-09T23:05:19+09:00   7166d5be5491ee1994e97687ed21447b
assets/progress2.js:
  development: 2017-12-09T23:05:19+09:00   ef48140f8855d02aad9feae4cd68914e
assets/progressjs.css:
  development: 2017-12-09T23:05:19+09:00   b0b25ac7d3a09a89f733f893df93ead1
assets/progressjs2.css:
  development: 2017-12-09T23:05:19+09:00   e48cd0b8e75b9b31dc4a1034cd2d9e0f
assets/promo1.jpg:
  development: 2017-12-09T23:05:20+09:00   015b7df8dea4715bb2779ea1de55b794
assets/readmore.min.js:
  development: 2017-12-09T23:05:20+09:00   d1101e1d4f9cef81c75dc89d02233656
assets/reset.css:
  development: 2017-12-09T23:05:20+09:00   dc06073621a5bee4ca6efd44b127b01d
assets/respond-proxy.html:
  development: 2017-12-09T23:05:20+09:00   75002d74a330bff6bf069284da503b4c
assets/respond.min.js:
  development: 2017-12-09T23:05:20+09:00   a2684e9b8fa50d6d11c56a9ada068528
assets/search_mobile.png:
  development: 2017-12-09T23:05:20+09:00   47bc9e78ef6f7d738958775d264099e9
assets/skdslider.js:
  development: 2017-12-09T23:05:21+09:00   000ebec35ec9fdd060e38d89de142576
assets/skdslider.min.js:
  development: 2017-12-09T23:05:21+09:00   51ce1b256418cb7ac3264064f3b6e3e7
assets/skdslider.scss.liquid:
  development: 2017-12-09T23:05:21+09:00
assets/social-buttons.js.liquid:
  development: 2017-12-09T23:05:21+09:00   e5fc0b8ac1d0f31b408c2a74d3a37d6a
assets/social-buttons.scss.liquid:
  development: 2017-12-09T23:05:21+09:00   32a30e7fcb81a3e3cf9db7037f607001
assets/social-icons.ttf:
  development: 2017-12-09T23:05:21+09:00   0ff45b96f7eb85a537f9649b4c918e1d
assets/social-icons.woff:
  development: 2017-12-09T23:05:22+09:00   963c841c706e574656a68277a668c82d
assets/soldout.png:
  development: 2017-12-09T23:05:22+09:00   6a7697db19e17aae7568e216c2b365af
assets/srch-icn.jpg:
  development: 2017-12-09T23:05:22+09:00   3fb6745427546804db2a6ac8b9c09f9d
assets/style.css:
  development: 2017-12-14T00:25:01+09:00   e4d76bd3a60e4c81b2a69540ba76b666
assets/timber.js.liquid:
  development: 2017-12-09T23:05:22+09:00   ad53c09044368c6a8f7278d247cee0b4
assets/timber.scss.liquid:
  development: 2017-12-15T00:08:20+09:00   8817315edfab7e01eb2f42995b31801b
assets/timer.css:
  development: 2017-12-14T00:23:05+09:00   a7ff65cc8563136a5ab15656cdb38094
assets/timer.js:
  development: 2017-12-09T23:05:23+09:00   f67e92f94a84282a7c5ba1d44a2f2cef
assets/timer.png:
  development: 2017-12-09T23:05:23+09:00   5f2fe1f2239ee260e643f98590156b73
assets/timer_all.scss.liquid:
  development: 2017-12-09T23:05:23+09:00   2a4eb44e7cb2260bbdec96fd546e14b6
assets/timer2.css:
  development: 2017-12-09T23:05:23+09:00   05455a335d59764fce0f34603004ed9b
assets/timer2.js:
  development: 2017-12-09T23:05:23+09:00   3a866f97f60bf9a27aefb9e2e4361c4c
assets/truck.svg:
  development: 2017-12-13T23:27:08+09:00   5a8966a2b8c5aab20767d493b65dc55c
assets/user-icn.jpg:
  development: 2017-12-09T23:05:24+09:00   7e1a8bb617ebc67ea0e229f8a5853fed
assets/user_mobile.png:
  development: 2017-12-09T23:05:24+09:00   ab9c37ccd80d0bb2b1ac1dc8071cd817
config/settings_data.json:
  development: 2017-12-15T00:41:15+09:00   3b4e6a72e13d1f474ba6069c27009ddd
config/settings_schema.json:
  development: 2017-12-09T23:05:26+09:00   7c57713f3018bbf16090ab1c9509b850
layout/theme.liquid:
  development: 2017-12-15T00:33:28+09:00   3bc7e96957de9e60129784ffb40b9d3b
locales/da.json:
  development: 2017-12-09T23:05:24+09:00   0a1b4a2bf4c1ce9d97c55111db7d53d2
locales/de.json:
  development: 2017-12-09T23:05:24+09:00   cf7ad9dd4264e27702a48c1ca50530fe
locales/en.default.json:
  development: 2017-12-13T00:35:20+09:00   309222f4cb43f801614dc1552240e919
locales/es.json:
  development: 2017-12-09T23:05:24+09:00   b7c484d4ccd6cab98ce435fd0c305586
locales/fr.json:
  development: 2017-12-09T23:05:24+09:00   759cb24233a43dc425109ee562cf55bb
locales/hi.json:
  development: 2017-12-09T23:05:24+09:00   99914b932bd37a50b983c5e7c90ae93b
locales/it.json:
  development: 2017-12-09T23:05:24+09:00   627f45978db91ab45e9fab8d226d774f
locales/ja.json:
  development: 2017-12-09T23:05:24+09:00   99914b932bd37a50b983c5e7c90ae93b
locales/nl.json:
  development: 2017-12-09T23:05:24+09:00   49ce1a33e45abd032be05d8b45a5123d
locales/pt-BR.json:
  development: 2017-12-09T23:05:24+09:00   927f45883d2de868122e7ff360b5d306
locales/pt-PT.json:
  development: 2017-12-09T23:05:24+09:00   1cce6fbf06dc6117d3371327dc15efd2
locales/pt.json:
  development: 2017-12-09T23:05:24+09:00   b2c1e8e6fb82db79a2663213aaa7edc9
sections/test.liquid:
  development: 2017-12-09T23:05:00+09:00   191ea17f1b880e66110e9252aadd2719
snippets/addthis.liquid:
  development: 2017-12-09T23:05:24+09:00   4bcc6517e7fea4323ade7409ab9b476c
snippets/ajax-cart-template.liquid:
  development: 2017-12-09T23:05:24+09:00   daba365efcc2d6100425006dadc30a19
snippets/ajaxify-cart.liquid:
  development: 2017-12-09T23:05:24+09:00   8430e9403e89831c5d983de714415178
snippets/back-to-the-top.liquid:
  development: 2017-12-09T23:05:24+09:00   0429cf7414aa41cbffecb4d260c2d076
snippets/blog-sidebar.liquid:
  development: 2017-12-09T23:05:24+09:00   7663d3f323988720062506420d2008e9
snippets/bootstrap_slider.liquid:
  development: 2017-12-09T23:05:24+09:00   75d307da5568b4833add1abc53fb3819
snippets/breadcrumb.liquid:
  development: 2017-12-09T23:05:24+09:00   7bf89ebc6f2f46288fa59aa305a42514
snippets/collection-sidebar.liquid:
  development: 2017-12-09T23:05:24+09:00   db274782a3c861792380f164a788ac99
snippets/collection-sorting.liquid:
  development: 2017-12-09T23:05:24+09:00   a12eb66cfffa2dfff1ef72807c7c86a6
snippets/collection_full.liquid:
  development: 2017-12-09T23:05:24+09:00   f998bc9cd52822755c4cbf0b25c35524
snippets/collection_with_left_right_sec.liquid:
  development: 2017-12-09T23:05:24+09:00   db802ec35bf68c3eedca6aeb725a322c
snippets/comment.liquid:
  development: 2017-12-09T23:05:24+09:00   c766e42be8a74e05533d0e5a0e3a9ce3
snippets/currencies.liquid:
  development: 2017-12-09T23:05:24+09:00   56868dc0269c80e3758e688a0e99a13c
snippets/currency-picker.liquid:
  development: 2017-12-09T23:05:24+09:00   c381d7d5043d0ed7ea8741ad59a71581
snippets/discount_popup.liquid:
  development: 2017-12-09T23:05:24+09:00   5e468ffb23e83844f6cdc21a378b38df
snippets/element_add_to_cart.liquid:
  development: 2017-12-14T16:21:40+09:00   247c1ff60fb416ddb79c892d1c9ae9bd
snippets/element_progress_bar.liquid:
  development: 2017-12-14T23:29:14+09:00   b38d7f4cfc1f5ddf0509bc6ef6d8400f
snippets/element_timer.liquid:
  development: 2017-12-14T16:49:28+09:00   1a94961a3a089069f7b46e6f03f99dac
snippets/featured-collection.liquid:
  development: 2017-12-09T23:05:24+09:00   deca03fef8b8a248d71ce00db2198a04
snippets/featured-row-fifth.liquid:
  development: 2017-12-09T23:05:24+09:00   f00b60f7eee9ea08a0a89ad4c261f034
snippets/fifth_product_disposition_home.liquid:
  development: 2017-12-09T23:05:24+09:00   406c19dde4c825435a9cc15c2036683e
snippets/first_product_disposition_home.liquid:
  development: 2017-12-09T23:05:24+09:00   40ce513a2a17776ab981c7df7f72252b
snippets/flex_slider.liquid:
  development: 2017-12-09T23:05:24+09:00   b281fe5111b4f852b9082583e36829ae
snippets/footer.liquid:
  development: 2017-12-09T23:05:24+09:00   0b1f68b8058dd5da59e3e2eb7c3b206a
snippets/footer_above.liquid:
  development: 2017-12-14T17:10:20+09:00   559683603fc975d2a69e9a24b9aa9678
snippets/fourth_product_disposition_home.liquid:
  development: 2017-12-09T23:05:24+09:00   326d7204133141f328d4c67ef5cf84e0
snippets/header_strip.liquid:
  development: 2017-12-09T23:05:25+09:00   8a6f50fb9316a04a68d48510a44f5bf9
snippets/hero.liquid:
  development: 2017-12-09T23:05:25+09:00   e5a12f5e241ee97c5ab78bc8af3e57fc
snippets/home-featured-collections.liquid:
  development: 2017-12-09T23:05:25+09:00   b1bbe723317ee1d0cfcc2372fa6dcf81
snippets/home_product.liquid:
  development: 2017-12-09T23:05:25+09:00   edd1a2bf5c5e4bee4c305f5a8d594d66
snippets/home_video.liquid:
  development: 2017-12-09T23:05:25+09:00   a2644df80a5fc15af4d01aa03bab953d
snippets/image_setting.liquid:
  development: 2017-12-09T23:05:25+09:00   75c0f38a6f4841059e296d281e8573fe
snippets/jquery_css_counter-stockbar.liquid:
  development: 2017-12-09T23:05:25+09:00   737e5fc8d9149a3ede34c7f0ad814e08
snippets/linked-options.liquid:
  development: 2017-12-09T23:05:25+09:00   de52ba5421f3d8b58e9f600808467d65
snippets/main-products.liquid:
  development: 2017-12-09T23:05:25+09:00   008ced29b49cc29cc3ae4580b336270a
snippets/mega_menu_desktop.liquid:
  development: 2017-12-13T00:51:33+09:00   6981b3eca5a6c8d981ba18ea8eb90130
snippets/mega_menu_mobile.liquid:
  development: 2017-12-09T23:05:25+09:00   0d17bedf684d22228c4fc882e1401e63
snippets/nav_desktop.liquid:
  development: 2017-12-12T23:27:39+09:00   e264bfefd3af3fbb03cc36b58992ff71
snippets/nav_mobile.liquid:
  development: 2017-12-09T23:05:25+09:00   e8e2b6d8820edc86905ebf6c364a681a
snippets/new_flex.liquid:
  development: 2017-12-09T23:05:25+09:00   0fa35dbe620afb7f67000b328edda2bd
snippets/new_footer.liquid:
  development: 2017-12-09T23:05:25+09:00   d825f0bc62f1931bdc8ba2d02a5f7835
snippets/new_one_footer.liquid:
  development: 2017-12-15T11:33:15+09:00   d3524aabf94b9cbca6a68cd6214997cb
snippets/oldIE-js.liquid:
  development: 2017-12-09T23:05:25+09:00   1197cc7109944206a600ed5caaef6a6f
snippets/onboarding-empty-collection.liquid:
  development: 2017-12-09T23:05:25+09:00   b25d81b4ba1c3e279fa58a5aade16b43
snippets/onboarding-featured-collections.liquid:
  development: 2017-12-09T23:05:25+09:00   63d3e42eb5e78f32bdd7d7bb96c2aa81
snippets/onboarding-featured-products.liquid:
  development: 2017-12-09T23:05:25+09:00   6a32fc5786e0f1dc98a1f75897fca8b3
snippets/pick-an-option.liquid:
  development: 2017-12-09T23:05:25+09:00   8c030e8d1e0da97d5bedcd2dc79c9ad2
snippets/product-count.liquid:
  development: 2017-12-14T23:27:15+09:00   0a897bb4c361e555d9673c07e336fa08
snippets/product-count2.liquid:
  development: 2017-12-09T23:05:25+09:00   ff23c14e4adaa7c47f18372f9ecac6f4
snippets/product-grid-collage.liquid:
  development: 2017-12-09T23:05:25+09:00   5820205221fb0d11107ada3c3c2dc877
snippets/product-grid-item-new.liquid:
  development: 2017-12-09T23:05:25+09:00   06afdb4c571c2e9f6f696204e7da0a2d
snippets/product-grid-item.liquid:
  development: 2017-12-09T23:05:25+09:00   9a799bb700a9bc638fddee397a661bb8
snippets/product_count_2.liquid:
  development: 2017-12-09T23:05:25+09:00   bae6f40511bfe930d87617620bd8d027
snippets/product_count_24.liquid:
  development: 2017-12-09T23:05:25+09:00   3bd75aedba963121235a6f000a7e40ba
snippets/product_count_24m.liquid:
  development: 2017-12-09T23:05:25+09:00   f4cc0375f648229649aa2c67045be367
snippets/product_count_down_custom_with_cookies.liquid:
  development: 2017-12-09T23:05:25+09:00   6ea780520d2a7b491a47a16763a58a1f
snippets/product_count_down_reset_every_day.liquid:
  development: 2017-12-09T23:05:25+09:00   5d38dc49a0c4131ceccc47eae912d0a5
snippets/product_count_random.liquid:
  development: 2017-12-09T23:05:25+09:00   f71e1cc7a616f227228a4cb040f8a2db
snippets/product_image.liquid:
  development: 2017-12-09T23:05:25+09:00   684c273771d748b8ca92b70cb5defbce
snippets/product_price_setting.liquid:
  development: 2017-12-09T23:05:25+09:00   d2b34ed8d094c4aae2c90cce1357d7f4
snippets/related-products.liquid:
  development: 2017-12-09T23:05:25+09:00   53f40079051735fa3445df525e6cf93d
snippets/reset_every_day.liquid:
  development: 2017-12-09T23:05:25+09:00   6ce2396bc4c70f0a419407116448ee10
snippets/respond.liquid:
  development: 2017-12-09T23:05:25+09:00   ca6abf0635dc2ad8c6bd377f83c79f6b
snippets/search-bar.liquid:
  development: 2017-12-09T23:05:25+09:00   733af687725a8174f1348c58f0d5a3e4
snippets/second_product_disposition_home.liquid:
  development: 2017-12-09T23:05:25+09:00   82c1ef7115124bd6bc6ae094b9853bd5
snippets/set_cookies.liquid:
  development: 2017-12-09T23:05:25+09:00   1258304d13b0ab4df2b3f130034240ce
snippets/skdslider.liquid:
  development: 2017-12-09T23:05:25+09:00   2ab1816653d804b2fe6bafad130b0fe9
snippets/social-meta-tags.liquid:
  development: 2017-12-09T23:05:25+09:00   ef6288075194b6ec77ca70179cdf2836
snippets/social-sharing.liquid:
  development: 2017-12-09T23:05:25+09:00   c4c04630d92f3c6f947076de1a893ad7
snippets/someone_purchase.liquid:
  development: 2017-12-09T23:05:25+09:00   e865f40d2838ac6225b62d1d28f47cf9
snippets/someone_purchase_backup.liquid:
  development: 2017-12-09T23:05:25+09:00   348eaf6dff258ca5ccff7abf5e03c36f
snippets/swatch.liquid:
  development: 2017-12-09T23:05:25+09:00   574b44103e8c8d54821d646c246c93c5
snippets/tags-article.liquid:
  development: 2017-12-09T23:05:25+09:00   ce4dd4c7cbc35163aa5216cfc73d7941
snippets/test_slider.liquid:
  development: 2017-12-09T23:05:25+09:00   8605fd1103d5e8626575fa7e810163ac
snippets/third_product_disposition_home.liquid:
  development: 2017-12-09T23:05:25+09:00   9ff7b2f6b769c8f4768f0014d0f458ae
snippets/timer-and-stockbar.liquid:
  development: 2017-12-09T23:05:25+09:00   dda7f98b57c13a87afdb95996226ae8b
snippets/upsell_popup.liquid:
  development: 2017-12-09T23:05:25+09:00   fc2b9c1a10bbb56fa14aca9a5609fbd3
templates/404.liquid:
  development: 2017-12-09T23:05:25+09:00   ae354937b3155233ef7237a1290a9f3f
templates/article.liquid:
  development: 2017-12-09T23:05:25+09:00   6a36a9aaf4ec76090d2d9d22cae0272b
templates/blog.liquid:
  development: 2017-12-09T23:05:25+09:00   4ca921a60e2d06d1956120aec40f2f01
templates/cart.liquid:
  development: 2017-12-09T23:05:25+09:00   2e9b347f443ead1982f48c91efd4e70e
templates/collection.liquid:
  development: 2017-12-09T23:05:25+09:00   6ca4e7f7686648744eac69d2bd194b48
templates/collection.list.liquid:
  development: 2017-12-09T23:05:25+09:00   298a4938dacfbb40f74364d328812856
templates/customers/account.liquid:
  development: 2017-12-09T23:05:26+09:00   1d5a9966e01bc7e01aa17f03b15c0c85
templates/customers/activate_account.liquid:
  development: 2017-12-09T23:05:26+09:00   d92bfce42f05a75de2f61cb6ba433e69
templates/customers/addresses.liquid:
  development: 2017-12-09T23:05:26+09:00   c843575f5983bee69f50ab2737d49ccb
templates/customers/login.liquid:
  development: 2017-12-09T23:05:26+09:00   154908475a3d6f7a325221eb2781f72a
templates/customers/order.liquid:
  development: 2017-12-09T23:05:26+09:00   cf3f67c7eddcb60e598c803acada9529
templates/customers/register.liquid:
  development: 2017-12-09T23:05:26+09:00   77a294477ea2d6de5861f583e2a05051
templates/customers/reset_password.liquid:
  development: 2017-12-09T23:05:26+09:00   66ba7b680ca26b2eba0f162d4122d94c
templates/gift_card.liquid:
  development: 2017-12-09T23:05:26+09:00   c1ae0f8232e003fac57213d1353e513c
templates/index.liquid:
  development: 2017-12-09T23:05:26+09:00   e4c186f492a5518a5abf4b87fd8e9f2c
templates/list-collections.liquid:
  development: 2017-12-09T23:05:26+09:00   bdd48bfbd82d11c854f7ee4b3207b4f9
templates/page.contact.liquid:
  development: 2017-12-09T23:05:26+09:00   1d694a5be30bd64695b503c2d4b928dc
templates/page.liquid:
  development: 2017-12-09T23:05:26+09:00   32faec183321b6d7d9b4197ec3e05575
templates/page.mobile_test.liquid:
  development: 2017-12-09T23:05:26+09:00   e23ef5734289acd05fa60f4edf8f9859
templates/page.pagefly.droneyguide.liquid:
  development: 2017-12-09T23:05:26+09:00   b80f41b0472e128637db290f97e0cc1a
templates/page.redeem_test.liquid:
  development: 2017-12-09T23:05:26+09:00   79163fa1218da768fabb61f2a1483edf
templates/page.test.liquid:
  development: 2017-12-09T23:05:26+09:00   75f27f604924cbff9c582ee25c911195
templates/product.liquid:
  development: 2017-12-14T23:43:01+09:00   3cf98320fc744422ffcea17e07d22259
templates/search.liquid:
  development: 2017-12-09T23:05:26+09:00   47f7ba47ed343f4464d927c831be0e5b
